
Microsoft Visual Studio Solution File, Format Version 12.00
# Visual Studio Version 17
VisualStudioVersion = 17.8.33931.108
MinimumVisualStudioVersion = 10.0.40219.1
Project("{FAE04EC0-301F-11D3-BF4B-00C04F79EFBC}") = "VsDrops", "VsDrops\VsDrops.csproj", "{EB9F57D3-5C17-4F82-8C2B-B3285369EBDA}"
EndProject
Global
	GlobalSection(SolutionConfigurationPlatforms) = preSolution
		Debug|Any CPU = Debug|Any CPU
		Release|Any CPU = Release|Any CPU
	EndGlobalSection
	GlobalSection(ProjectConfigurationPlatforms) = postSolution
		{EB9F57D3-5C17-4F82-8C2B-B3285369EBDA}.Debug|Any CPU.ActiveCfg = Debug|Any CPU
		{EB9F57D3-5C17-4F82-8C2B-B3285369EBDA}.Debug|Any CPU.Build.0 = Debug|Any CPU
		{EB9F57D3-5C17-4F82-8C2B-B3285369EBDA}.Debug|Any CPU.Deploy.0 = Debug|Any CPU
		{EB9F57D3-5C17-4F82-8C2B-B3285369EBDA}.Release|Any CPU.ActiveCfg = Release|Any CPU
		{EB9F57D3-5C17-4F82-8C2B-B3285369EBDA}.Release|Any CPU.Build.0 = Release|Any CPU
		{EB9F57D3-5C17-4F82-8C2B-B3285369EBDA}.Release|Any CPU.Deploy.0 = Release|Any CPU
	EndGlobalSection
	GlobalSection(SolutionProperties) = preSolution
		HideSolutionNode = FALSE
	EndGlobalSection
	GlobalSection(ExtensibilityGlobals) = postSolution
		SolutionGuid = {54304680-303B-4DE1-9173-1A9C4428D335}
	EndGlobalSection
EndGlobal
